
Microsoft Visual Studio Solution File, Format Version 12.00
# Visual Studio 15
Project("{FAE04EC0-301F-11D3-BF4B-00C04F79EFBC}") = "XF-PR6153.iOS", "XF-PR6153.iOS\XF-PR6153.iOS.csproj", "{03B18C43-EE51-4F9E-99DD-8576F2CE84E7}"
EndProject
Project("{FAE04EC0-301F-11D3-BF4B-00C04F79EFBC}") = "XF-PR6153", "XF-PR6153\XF-PR6153.csproj", "{C19C1C04-B553-4D9D-ADBF-90AD8F04CDB0}"
EndProject
Global
	GlobalSection(SolutionConfigurationPlatforms) = preSolution
		Debug|iPhoneSimulator = Debug|iPhoneSimulator
		Release|iPhoneSimulator = Release|iPhoneSimulator
		Debug|iPhone = Debug|iPhone
		Release|iPhone = Release|iPhone
		Debug|Any CPU = Debug|Any CPU
		Release|Any CPU = Release|Any CPU
	EndGlobalSection
	GlobalSection(ProjectConfigurationPlatforms) = postSolution
		{03B18C43-EE51-4F9E-99DD-8576F2CE84E7}.Debug|iPhoneSimulator.ActiveCfg = Debug|iPhoneSimulator
		{03B18C43-EE51-4F9E-99DD-8576F2CE84E7}.Debug|iPhoneSimulator.Build.0 = Debug|iPhoneSimulator
		{03B18C43-EE51-4F9E-99DD-8576F2CE84E7}.Release|iPhoneSimulator.ActiveCfg = Release|iPhoneSimulator
		{03B18C43-EE51-4F9E-99DD-8576F2CE84E7}.Release|iPhoneSimulator.Build.0 = Release|iPhoneSimulator
		{03B18C43-EE51-4F9E-99DD-8576F2CE84E7}.Debug|iPhone.ActiveCfg = Debug|iPhone
		{03B18C43-EE51-4F9E-99DD-8576F2CE84E7}.Debug|iPhone.Build.0 = Debug|iPhone
		{03B18C43-EE51-4F9E-99DD-8576F2CE84E7}.Release|iPhone.ActiveCfg = Release|iPhone
		{03B18C43-EE51-4F9E-99DD-8576F2CE84E7}.Release|iPhone.Build.0 = Release|iPhone
		{03B18C43-EE51-4F9E-99DD-8576F2CE84E7}.Debug|Any CPU.ActiveCfg = Debug|iPhoneSimulator
		{03B18C43-EE51-4F9E-99DD-8576F2CE84E7}.Debug|Any CPU.Build.0 = Debug|iPhoneSimulator
		{03B18C43-EE51-4F9E-99DD-8576F2CE84E7}.Release|Any CPU.ActiveCfg = Release|iPhoneSimulator
		{03B18C43-EE51-4F9E-99DD-8576F2CE84E7}.Release|Any CPU.Build.0 = Release|iPhoneSimulator
		{C19C1C04-B553-4D9D-ADBF-90AD8F04CDB0}.Debug|iPhoneSimulator.ActiveCfg = Debug|Any CPU
		{C19C1C04-B553-4D9D-ADBF-90AD8F04CDB0}.Debug|iPhoneSimulator.Build.0 = Debug|Any CPU
		{C19C1C04-B553-4D9D-ADBF-90AD8F04CDB0}.Release|iPhoneSimulator.ActiveCfg = Release|Any CPU
		{C19C1C04-B553-4D9D-ADBF-90AD8F04CDB0}.Release|iPhoneSimulator.Build.0 = Release|Any CPU
		{C19C1C04-B553-4D9D-ADBF-90AD8F04CDB0}.Debug|iPhone.ActiveCfg = Debug|Any CPU
		{C19C1C04-B553-4D9D-ADBF-90AD8F04CDB0}.Debug|iPhone.Build.0 = Debug|Any CPU
		{C19C1C04-B553-4D9D-ADBF-90AD8F04CDB0}.Release|iPhone.ActiveCfg = Release|Any CPU
		{C19C1C04-B553-4D9D-ADBF-90AD8F04CDB0}.Release|iPhone.Build.0 = Release|Any CPU
		{C19C1C04-B553-4D9D-ADBF-90AD8F04CDB0}.Debug|Any CPU.ActiveCfg = Debug|Any CPU
		{C19C1C04-B553-4D9D-ADBF-90AD8F04CDB0}.Debug|Any CPU.Build.0 = Debug|Any CPU
		{C19C1C04-B553-4D9D-ADBF-90AD8F04CDB0}.Release|Any CPU.ActiveCfg = Release|Any CPU
		{C19C1C04-B553-4D9D-ADBF-90AD8F04CDB0}.Release|Any CPU.Build.0 = Release|Any CPU
	EndGlobalSection
EndGlobal
